
Microsoft Visual Studio Solution File, Format Version 12.00
# Visual Studio 15
VisualStudioVersion = 15.0.28010.2003
MinimumVisualStudioVersion = 10.0.40219.1
Project("{9A19103F-16F7-4668-BE54-9A1E7A4F7556}") = "RabbitAndGeese", "RabbitAndGeese\RabbitAndGeese.csproj", "{7CF49F65-57FE-4CF1-A904-D9762728FD21}"
EndProject
Project("{2150E333-8FDC-42A3-9474-1A3956D46DE8}") = "Solution Items", "Solution Items", "{97821A51-4329-4635-9639-AFD121921A59}"
	ProjectSection(SolutionItems) = preProject
		readme.md = readme.md
	EndProjectSection
EndProject
Project("{FAE04EC0-301F-11D3-BF4B-00C04F79EFBC}") = "RabbitAndGeese.Test", "XUnitTestProject1\RabbitAndGeese.Test.csproj", "{A357A344-C335-4B92-A5BD-64DDAFABBF31}"
EndProject
Global
	GlobalSection(SolutionConfigurationPlatforms) = preSolution
		Debug|Any CPU = Debug|Any CPU
		Release|Any CPU = Release|Any CPU
	EndGlobalSection
	GlobalSection(ProjectConfigurationPlatforms) = postSolution
		{7CF49F65-57FE-4CF1-A904-D9762728FD21}.Debug|Any CPU.ActiveCfg = Debug|Any CPU
		{7CF49F65-57FE-4CF1-A904-D9762728FD21}.Debug|Any CPU.Build.0 = Debug|Any CPU
		{7CF49F65-57FE-4CF1-A904-D9762728FD21}.Release|Any CPU.ActiveCfg = Release|Any CPU
		{7CF49F65-57FE-4CF1-A904-D9762728FD21}.Release|Any CPU.Build.0 = Release|Any CPU
		{A357A344-C335-4B92-A5BD-64DDAFABBF31}.Debug|Any CPU.ActiveCfg = Debug|Any CPU
		{A357A344-C335-4B92-A5BD-64DDAFABBF31}.Debug|Any CPU.Build.0 = Debug|Any CPU
		{A357A344-C335-4B92-A5BD-64DDAFABBF31}.Release|Any CPU.ActiveCfg = Release|Any CPU
		{A357A344-C335-4B92-A5BD-64DDAFABBF31}.Release|Any CPU.Build.0 = Release|Any CPU
	EndGlobalSection
	GlobalSection(SolutionProperties) = preSolution
		HideSolutionNode = FALSE
	EndGlobalSection
	GlobalSection(ExtensibilityGlobals) = postSolution
		SolutionGuid = {801066BD-E165-4DBD-97B1-7AB35ADB0581}
	EndGlobalSection
EndGlobal
